
Microsoft Visual Studio Solution File, Format Version 12.00
# Visual Studio Version 16
VisualStudioVersion = 16.0.29509.3
MinimumVisualStudioVersion = 10.0.40219.1
Project("{FAE04EC0-301F-11D3-BF4B-00C04F79EFBC}") = "SpaceStoichiometry.Lib", "SpaceStoichiometry.Lib\SpaceStoichiometry.Lib.csproj", "{6F3E9AB1-BA72-4475-B68D-6836BA0E403C}"
EndProject
Project("{FAE04EC0-301F-11D3-BF4B-00C04F79EFBC}") = "SpaceStoichiometry.Tests", "SpaceStoichiometry.Tests\SpaceStoichiometry.Tests.csproj", "{2DC626F5-A49C-4A05-B89E-8DB903EE4D7D}"
EndProject
Project("{FAE04EC0-301F-11D3-BF4B-00C04F79EFBC}") = "SpaceStoichiometry.App", "SpaceStoichiometry.App\SpaceStoichiometry.App.csproj", "{F7089DFE-3D19-492E-8443-569C92D99141}"
EndProject
Global
	GlobalSection(SolutionConfigurationPlatforms) = preSolution
		Debug|Any CPU = Debug|Any CPU
		Release|Any CPU = Release|Any CPU
	EndGlobalSection
	GlobalSection(ProjectConfigurationPlatforms) = postSolution
		{6F3E9AB1-BA72-4475-B68D-6836BA0E403C}.Debug|Any CPU.ActiveCfg = Debug|Any CPU
		{6F3E9AB1-BA72-4475-B68D-6836BA0E403C}.Debug|Any CPU.Build.0 = Debug|Any CPU
		{6F3E9AB1-BA72-4475-B68D-6836BA0E403C}.Release|Any CPU.ActiveCfg = Release|Any CPU
		{6F3E9AB1-BA72-4475-B68D-6836BA0E403C}.Release|Any CPU.Build.0 = Release|Any CPU
		{2DC626F5-A49C-4A05-B89E-8DB903EE4D7D}.Debug|Any CPU.ActiveCfg = Debug|Any CPU
		{2DC626F5-A49C-4A05-B89E-8DB903EE4D7D}.Debug|Any CPU.Build.0 = Debug|Any CPU
		{2DC626F5-A49C-4A05-B89E-8DB903EE4D7D}.Release|Any CPU.ActiveCfg = Release|Any CPU
		{2DC626F5-A49C-4A05-B89E-8DB903EE4D7D}.Release|Any CPU.Build.0 = Release|Any CPU
		{F7089DFE-3D19-492E-8443-569C92D99141}.Debug|Any CPU.ActiveCfg = Debug|Any CPU
		{F7089DFE-3D19-492E-8443-569C92D99141}.Debug|Any CPU.Build.0 = Debug|Any CPU
		{F7089DFE-3D19-492E-8443-569C92D99141}.Release|Any CPU.ActiveCfg = Release|Any CPU
		{F7089DFE-3D19-492E-8443-569C92D99141}.Release|Any CPU.Build.0 = Release|Any CPU
	EndGlobalSection
	GlobalSection(SolutionProperties) = preSolution
		HideSolutionNode = FALSE
	EndGlobalSection
	GlobalSection(ExtensibilityGlobals) = postSolution
		SolutionGuid = {844B2185-3239-4CB5-B107-DC706ACAFA86}
	EndGlobalSection
EndGlobal
