
Microsoft Visual Studio Solution File, Format Version 12.00
# Visual Studio Version 16
VisualStudioVersion = 16.0.29509.3
MinimumVisualStudioVersion = 10.0.40219.1
Project("{FAE04EC0-301F-11D3-BF4B-00C04F79EFBC}") = "DayFive", "DayFive\DayFive.csproj", "{DF2790AF-2FAC-4CF0-B4A7-7BF81AB4D610}"
EndProject
Project("{FAE04EC0-301F-11D3-BF4B-00C04F79EFBC}") = "AirConditioner.Tests", "AirConditioner.Tests\AirConditioner.Tests.csproj", "{9094719F-1D51-44CF-A245-8824E46611D2}"
EndProject
Global
	GlobalSection(SolutionConfigurationPlatforms) = preSolution
		Debug|Any CPU = Debug|Any CPU
		Release|Any CPU = Release|Any CPU
	EndGlobalSection
	GlobalSection(ProjectConfigurationPlatforms) = postSolution
		{DF2790AF-2FAC-4CF0-B4A7-7BF81AB4D610}.Debug|Any CPU.ActiveCfg = Debug|Any CPU
		{DF2790AF-2FAC-4CF0-B4A7-7BF81AB4D610}.Debug|Any CPU.Build.0 = Debug|Any CPU
		{DF2790AF-2FAC-4CF0-B4A7-7BF81AB4D610}.Release|Any CPU.ActiveCfg = Release|Any CPU
		{DF2790AF-2FAC-4CF0-B4A7-7BF81AB4D610}.Release|Any CPU.Build.0 = Release|Any CPU
		{9094719F-1D51-44CF-A245-8824E46611D2}.Debug|Any CPU.ActiveCfg = Debug|Any CPU
		{9094719F-1D51-44CF-A245-8824E46611D2}.Debug|Any CPU.Build.0 = Debug|Any CPU
		{9094719F-1D51-44CF-A245-8824E46611D2}.Release|Any CPU.ActiveCfg = Release|Any CPU
		{9094719F-1D51-44CF-A245-8824E46611D2}.Release|Any CPU.Build.0 = Release|Any CPU
	EndGlobalSection
	GlobalSection(SolutionProperties) = preSolution
		HideSolutionNode = FALSE
	EndGlobalSection
	GlobalSection(ExtensibilityGlobals) = postSolution
		SolutionGuid = {E2329E5A-5580-4DCD-9B98-697BDE2B28D3}
	EndGlobalSection
EndGlobal
