
Microsoft Visual Studio Solution File, Format Version 12.00
# Visual Studio Version 16
VisualStudioVersion = 16.0.29509.3
MinimumVisualStudioVersion = 10.0.40219.1
Project("{FAE04EC0-301F-11D3-BF4B-00C04F79EFBC}") = "DayOne", "DayOne\DayOne.csproj", "{C37B4B1F-C8B0-4568-BD2A-66B2722DBFF8}"
EndProject
Global
	GlobalSection(SolutionConfigurationPlatforms) = preSolution
		Debug|Any CPU = Debug|Any CPU
		Release|Any CPU = Release|Any CPU
	EndGlobalSection
	GlobalSection(ProjectConfigurationPlatforms) = postSolution
		{C37B4B1F-C8B0-4568-BD2A-66B2722DBFF8}.Debug|Any CPU.ActiveCfg = Debug|Any CPU
		{C37B4B1F-C8B0-4568-BD2A-66B2722DBFF8}.Debug|Any CPU.Build.0 = Debug|Any CPU
		{C37B4B1F-C8B0-4568-BD2A-66B2722DBFF8}.Release|Any CPU.ActiveCfg = Release|Any CPU
		{C37B4B1F-C8B0-4568-BD2A-66B2722DBFF8}.Release|Any CPU.Build.0 = Release|Any CPU
	EndGlobalSection
	GlobalSection(SolutionProperties) = preSolution
		HideSolutionNode = FALSE
	EndGlobalSection
	GlobalSection(ExtensibilityGlobals) = postSolution
		SolutionGuid = {7A7A8678-57AB-45C9-B607-70A6095556CD}
	EndGlobalSection
EndGlobal
